// !$*UTF8*$!
{
	archiveVersion = 1;
	classes = {
	};
	objectVersion = 48;
	objects = {

/* Begin PBXBuildFile section */
		461F65062064A7DB00E9A8D0 /* AppDelegate.swift in Sources */ = {isa = PBXBuildFile; fileRef = 461F65052064A7DB00E9A8D0 /* AppDelegate.swift */; };
		461F65082064A7DB00E9A8D0 /* ViewController.swift in Sources */ = {isa = PBXBuildFile; fileRef = 461F65072064A7DB00E9A8D0 /* ViewController.swift */; };
		461F650B2064A7DB00E9A8D0 /* Main.storyboard in Resources */ = {isa = PBXBuildFile; fileRef = 461F65092064A7DB00E9A8D0 /* Main.storyboard */; };
		461F650D2064A7DB00E9A8D0 /* Assets.xcassets in Resources */ = {isa = PBXBuildFile; fileRef = 461F650C2064A7DB00E9A8D0 /* Assets.xcassets */; };
		461F65102064A7DB00E9A8D0 /* LaunchScreen.storyboard in Resources */ = {isa = PBXBuildFile; fileRef = 461F650E2064A7DB00E9A8D0 /* LaunchScreen.storyboard */; };
		461F65182064AA7D00E9A8D0 /* Employee.swift in Sources */ = {isa = PBXBuildFile; fileRef = 461F65172064AA7D00E9A8D0 /* Employee.swift */; };
		462B2F6520C26AC000999702 /* AccessDenied.wav in Resources */ = {isa = PBXBuildFile; fileRef = 462B2F6320C26AC000999702 /* AccessDenied.wav */; };
		462B2F6620C26AC000999702 /* AccessGranted.wav in Resources */ = {isa = PBXBuildFile; fileRef = 462B2F6420C26AC000999702 /* AccessGranted.wav */; };
		46329859206AB71D004D44E1 /* check.swift in Sources */ = {isa = PBXBuildFile; fileRef = 46329858206AB71D004D44E1 /* check.swift */; };
		463A4D412066F0F300AF7E0F /* Model.swift in Sources */ = {isa = PBXBuildFile; fileRef = 463A4D402066F0F300AF7E0F /* Model.swift */; };
		463A4D4320694F0A00AF7E0F /* Guest.swift in Sources */ = {isa = PBXBuildFile; fileRef = 463A4D4220694F0A00AF7E0F /* Guest.swift */; };
		4642B1E2206BEB6A00C5D96E /* TestCases.swift in Sources */ = {isa = PBXBuildFile; fileRef = 4642B1E1206BEB6A00C5D96E /* TestCases.swift */; };
		4670B25E20C22BD800C6FB81 /* PassViewController.swift in Sources */ = {isa = PBXBuildFile; fileRef = 4670B25D20C22BD800C6FB81 /* PassViewController.swift */; };
		4670B26020C22E0F00C6FB81 /* FaceImageAsset.png in Resources */ = {isa = PBXBuildFile; fileRef = 4670B25F20C22E0F00C6FB81 /* FaceImageAsset.png */; };
		469C560420B665E90025B37F /* entryPasses.swift in Sources */ = {isa = PBXBuildFile; fileRef = 469C560320B665E90025B37F /* entryPasses.swift */; };
		469C560620BEBCBD0025B37F /* vendor.swift in Sources */ = {isa = PBXBuildFile; fileRef = 469C560520BEBCBD0025B37F /* vendor.swift */; };
		469C560820BEC1DA0025B37F /* ext.swift in Sources */ = {isa = PBXBuildFile; fileRef = 469C560720BEC1DA0025B37F /* ext.swift */; };
/* End PBXBuildFile section */

/* Begin PBXFileReference section */
		461F65022064A7DB00E9A8D0 /* Amusement Park.app */ = {isa = PBXFileReference; explicitFileType = wrapper.application; includeInIndex = 0; path = "Amusement Park.app"; sourceTree = BUILT_PRODUCTS_DIR; };
		461F65052064A7DB00E9A8D0 /* AppDelegate.swift */ = {isa = PBXFileReference; lastKnownFileType = sourcecode.swift; path = AppDelegate.swift; sourceTree = "<group>"; };
		461F65072064A7DB00E9A8D0 /* ViewController.swift */ = {isa = PBXFileReference; lastKnownFileType = sourcecode.swift; path = ViewController.swift; sourceTree = "<group>"; };
		461F650A2064A7DB00E9A8D0 /* Base */ = {isa = PBXFileReference; lastKnownFileType = file.storyboard; name = Base; path = Base.lproj/Main.storyboard; sourceTree = "<group>"; };
		461F650C2064A7DB00E9A8D0 /* Assets.xcassets */ = {isa = PBXFileReference; lastKnownFileType = folder.assetcatalog; path = Assets.xcassets; sourceTree = "<group>"; };
		461F650F2064A7DB00E9A8D0 /* Base */ = {isa = PBXFileReference; lastKnownFileType = file.storyboard; name = Base; path = Base.lproj/LaunchScreen.storyboard; sourceTree = "<group>"; };
		461F65112064A7DB00E9A8D0 /* Info.plist */ = {isa = PBXFileReference; lastKnownFileType = text.plist.xml; path = Info.plist; sourceTree = "<group>"; };
		461F65172064AA7D00E9A8D0 /* Employee.swift */ = {isa = PBXFileReference; lastKnownFileType = sourcecode.swift; path = Employee.swift; sourceTree = "<group>"; };
		462B2F6320C26AC000999702 /* AccessDenied.wav */ = {isa = PBXFileReference; lastKnownFileType = audio.wav; path = AccessDenied.wav; sourceTree = "<group>"; };
		462B2F6420C26AC000999702 /* AccessGranted.wav */ = {isa = PBXFileReference; lastKnownFileType = audio.wav; path = AccessGranted.wav; sourceTree = "<group>"; };
		46329858206AB71D004D44E1 /* check.swift */ = {isa = PBXFileReference; lastKnownFileType = sourcecode.swift; path = check.swift; sourceTree = "<group>"; };
		463A4D402066F0F300AF7E0F /* Model.swift */ = {isa = PBXFileReference; lastKnownFileType = sourcecode.swift; path = Model.swift; sourceTree = "<group>"; };
		463A4D4220694F0A00AF7E0F /* Guest.swift */ = {isa = PBXFileReference; lastKnownFileType = sourcecode.swift; path = Guest.swift; sourceTree = "<group>"; };
		4642B1E1206BEB6A00C5D96E /* TestCases.swift */ = {isa = PBXFileReference; lastKnownFileType = sourcecode.swift; path = TestCases.swift; sourceTree = "<group>"; };
		4670B25D20C22BD800C6FB81 /* PassViewController.swift */ = {isa = PBXFileReference; lastKnownFileType = sourcecode.swift; path = PassViewController.swift; sourceTree = "<group>"; };
		4670B25F20C22E0F00C6FB81 /* FaceImageAsset.png */ = {isa = PBXFileReference; lastKnownFileType = image.png; path = FaceImageAsset.png; sourceTree = "<group>"; };
		469C560320B665E90025B37F /* entryPasses.swift */ = {isa = PBXFileReference; lastKnownFileType = sourcecode.swift; path = entryPasses.swift; sourceTree = "<group>"; };
		469C560520BEBCBD0025B37F /* vendor.swift */ = {isa = PBXFileReference; lastKnownFileType = sourcecode.swift; path = vendor.swift; sourceTree = "<group>"; };
		469C560720BEC1DA0025B37F /* ext.swift */ = {isa = PBXFileReference; lastKnownFileType = sourcecode.swift; path = ext.swift; sourceTree = "<group>"; };
/* End PBXFileReference section */

/* Begin PBXFrameworksBuildPhase section */
		461F64FF2064A7DB00E9A8D0 /* Frameworks */ = {
			isa = PBXFrameworksBuildPhase;
			buildActionMask = 2147483647;
			files = (
			);
			runOnlyForDeploymentPostprocessing = 0;
		};
/* End PBXFrameworksBuildPhase section */

/* Begin PBXGroup section */
		461F64F92064A7DB00E9A8D0 = {
			isa = PBXGroup;
			children = (
				461F65042064A7DB00E9A8D0 /* Amusement Park */,
				461F65032064A7DB00E9A8D0 /* Products */,
				462B2F6320C26AC000999702 /* AccessDenied.wav */,
				462B2F6420C26AC000999702 /* AccessGranted.wav */,
			);
			sourceTree = "<group>";
		};
		461F65032064A7DB00E9A8D0 /* Products */ = {
			isa = PBXGroup;
			children = (
				461F65022064A7DB00E9A8D0 /* Amusement Park.app */,
			);
			name = Products;
			sourceTree = "<group>";
		};
		461F65042064A7DB00E9A8D0 /* Amusement Park */ = {
			isa = PBXGroup;
			children = (
				461F65052064A7DB00E9A8D0 /* AppDelegate.swift */,
				4670B25D20C22BD800C6FB81 /* PassViewController.swift */,
				461F65072064A7DB00E9A8D0 /* ViewController.swift */,
				463A4D402066F0F300AF7E0F /* Model.swift */,
				469C560520BEBCBD0025B37F /* vendor.swift */,
				469C560720BEC1DA0025B37F /* ext.swift */,
				469C560320B665E90025B37F /* entryPasses.swift */,
				4642B1E1206BEB6A00C5D96E /* TestCases.swift */,
				463A4D4220694F0A00AF7E0F /* Guest.swift */,
				46329858206AB71D004D44E1 /* check.swift */,
				461F65172064AA7D00E9A8D0 /* Employee.swift */,
				461F65092064A7DB00E9A8D0 /* Main.storyboard */,
				4670B25F20C22E0F00C6FB81 /* FaceImageAsset.png */,
				461F650C2064A7DB00E9A8D0 /* Assets.xcassets */,
				461F650E2064A7DB00E9A8D0 /* LaunchScreen.storyboard */,
				461F65112064A7DB00E9A8D0 /* Info.plist */,
			);
			path = "Amusement Park";
			sourceTree = "<group>";
		};
/* End PBXGroup section */

/* Begin PBXNativeTarget section */
		461F65012064A7DB00E9A8D0 /* Amusement Park */ = {
			isa = PBXNativeTarget;
			buildConfigurationList = 461F65142064A7DB00E9A8D0 /* Build configuration list for PBXNativeTarget "Amusement Park" */;
			buildPhases = (
				461F64FE2064A7DB00E9A8D0 /* Sources */,
				461F64FF2064A7DB00E9A8D0 /* Frameworks */,
				461F65002064A7DB00E9A8D0 /* Resources */,
			);
			buildRules = (
			);
			dependencies = (
			);
			name = "Amusement Park";
			productName = "Amusement Park";
			productReference = 461F65022064A7DB00E9A8D0 /* Amusement Park.app */;
			productType = "com.apple.product-type.application";
		};
/* End PBXNativeTarget section */

/* Begin PBXProject section */
		461F64FA2064A7DB00E9A8D0 /* Project object */ = {
			isa = PBXProject;
			attributes = {
				LastSwiftUpdateCheck = 0920;
				LastUpgradeCheck = 0920;
				ORGANIZATIONNAME = "Darryl Robinson ";
				TargetAttributes = {
					461F65012064A7DB00E9A8D0 = {
						CreatedOnToolsVersion = 9.2;
						ProvisioningStyle = Automatic;
					};
				};
			};
			buildConfigurationList = 461F64FD2064A7DB00E9A8D0 /* Build configuration list for PBXProject "Amusement Park" */;
			compatibilityVersion = "Xcode 8.0";
			developmentRegion = en;
			hasScannedForEncodings = 0;
			knownRegions = (
				en,
				Base,
			);
			mainGroup = 461F64F92064A7DB00E9A8D0;
			productRefGroup = 461F65032064A7DB00E9A8D0 /* Products */;
			projectDirPath = "";
			projectRoot = "";
			targets = (
				461F65012064A7DB00E9A8D0 /* Amusement Park */,
			);
		};
/* End PBXProject section */

/* Begin PBXResourcesBuildPhase section */
		461F65002064A7DB00E9A8D0 /* Resources */ = {
			isa = PBXResourcesBuildPhase;
			buildActionMask = 2147483647;
			files = (
				461F65102064A7DB00E9A8D0 /* LaunchScreen.storyboard in Resources */,
				461F650D2064A7DB00E9A8D0 /* Assets.xcassets in Resources */,
				462B2F6620C26AC000999702 /* AccessGranted.wav in Resources */,
				461F650B2064A7DB00E9A8D0 /* Main.storyboard in Resources */,
				462B2F6520C26AC000999702 /* AccessDenied.wav in Resources */,
				4670B26020C22E0F00C6FB81 /* FaceImageAsset.png in Resources */,
			);
			runOnlyForDeploymentPostprocessing = 0;
		};
/* End PBXResourcesBuildPhase section */

/* Begin PBXSourcesBuildPhase section */
		461F64FE2064A7DB00E9A8D0 /* Sources */ = {
			isa = PBXSourcesBuildPhase;
			buildActionMask = 2147483647;
			files = (
				46329859206AB71D004D44E1 /* check.swift in Sources */,
				463A4D4320694F0A00AF7E0F /* Guest.swift in Sources */,
				461F65182064AA7D00E9A8D0 /* Employee.swift in Sources */,
				461F65082064A7DB00E9A8D0 /* ViewController.swift in Sources */,
				469C560620BEBCBD0025B37F /* vendor.swift in Sources */,
				461F65062064A7DB00E9A8D0 /* AppDelegate.swift in Sources */,
				4670B25E20C22BD800C6FB81 /* PassViewController.swift in Sources */,
				469C560420B665E90025B37F /* entryPasses.swift in Sources */,
				469C560820BEC1DA0025B37F /* ext.swift in Sources */,
				4642B1E2206BEB6A00C5D96E /* TestCases.swift in Sources */,
				463A4D412066F0F300AF7E0F /* Model.swift in Sources */,
			);
			runOnlyForDeploymentPostprocessing = 0;
		};
/* End PBXSourcesBuildPhase section */

/* Begin PBXVariantGroup section */
		461F65092064A7DB00E9A8D0 /* Main.storyboard */ = {
			isa = PBXVariantGroup;
			children = (
				461F650A2064A7DB00E9A8D0 /* Base */,
			);
			name = Main.storyboard;
			sourceTree = "<group>";
		};
		461F650E2064A7DB00E9A8D0 /* LaunchScreen.storyboard */ = {
			isa = PBXVariantGroup;
			children = (
				461F650F2064A7DB00E9A8D0 /* Base */,
			);
			name = LaunchScreen.storyboard;
			sourceTree = "<group>";
		};
/* End PBXVariantGroup section */

/* Begin XCBuildConfiguration section */
		461F65122064A7DB00E9A8D0 /* Debug */ = {
			isa = XCBuildConfiguration;
			buildSettings = {
				ALWAYS_SEARCH_USER_PATHS = NO;
				CLANG_ANALYZER_NONNULL = YES;
				CLANG_ANALYZER_NUMBER_OBJECT_CONVERSION = YES_AGGRESSIVE;
				CLANG_CXX_LANGUAGE_STANDARD = "gnu++14";
				CLANG_CXX_LIBRARY = "libc++";
				CLANG_ENABLE_MODULES = YES;
				CLANG_ENABLE_OBJC_ARC = YES;
				CLANG_WARN_BLOCK_CAPTURE_AUTORELEASING = YES;
				CLANG_WARN_BOOL_CONVERSION = YES;
				CLANG_WARN_COMMA = YES;
				CLANG_WARN_CONSTANT_CONVERSION = YES;
				CLANG_WARN_DIRECT_OBJC_ISA_USAGE = YES_ERROR;
				CLANG_WARN_DOCUMENTATION_COMMENTS = YES;
				CLANG_WARN_EMPTY_BODY = YES;
				CLANG_WARN_ENUM_CONVERSION = YES;
				CLANG_WARN_INFINITE_RECURSION = YES;
				CLANG_WARN_INT_CONVERSION = YES;
				CLANG_WARN_NON_LITERAL_NULL_CONVERSION = YES;
				CLANG_WARN_OBJC_LITERAL_CONVERSION = YES;
				CLANG_WARN_OBJC_ROOT_CLASS = YES_ERROR;
				CLANG_WARN_RANGE_LOOP_ANALYSIS = YES;
				CLANG_WARN_STRICT_PROTOTYPES = YES;
				CLANG_WARN_SUSPICIOUS_MOVE = YES;
				CLANG_WARN_UNGUARDED_AVAILABILITY = YES_AGGRESSIVE;
				CLANG_WARN_UNREACHABLE_CODE = YES;
				CLANG_WARN__DUPLICATE_METHOD_MATCH = YES;
				CODE_SIGN_IDENTITY = "iPhone Developer";
				COPY_PHASE_STRIP = NO;
				DEBUG_INFORMATION_FORMAT = dwarf;
				ENABLE_STRICT_OBJC_MSGSEND = YES;
				ENABLE_TESTABILITY = YES;
				GCC_C_LANGUAGE_STANDARD = gnu11;
				GCC_DYNAMIC_NO_PIC = NO;
				GCC_NO_COMMON_BLOCKS = YES;
				GCC_OPTIMIZATION_LEVEL = 0;
				GCC_PREPROCESSOR_DEFINITIONS = (
					"DEBUG=1",
					"$(inherited)",
				);
				GCC_WARN_64_TO_32_BIT_CONVERSION = YES;
				GCC_WARN_ABOUT_RETURN_TYPE = YES_ERROR;
				GCC_WARN_UNDECLARED_SELECTOR = YES;
				GCC_WARN_UNINITIALIZED_AUTOS = YES_AGGRESSIVE;
				GCC_WARN_UNUSED_FUNCTION = YES;
				GCC_WARN_UNUSED_VARIABLE = YES;
				IPHONEOS_DEPLOYMENT_TARGET = 11.2;
				MTL_ENABLE_DEBUG_INFO = YES;
				ONLY_ACTIVE_ARCH = YES;
				SDKROOT = iphoneos;
				SWIFT_ACTIVE_COMPILATION_CONDITIONS = DEBUG;
				SWIFT_OPTIMIZATION_LEVEL = "-Onone";
			};
			name = Debug;
		};
		461F65132064A7DB00E9A8D0 /* Release */ = {
			isa = XCBuildConfiguration;
			buildSettings = {
				ALWAYS_SEARCH_USER_PATHS = NO;
				CLANG_ANALYZER_NONNULL = YES;
				CLANG_ANALYZER_NUMBER_OBJECT_CONVERSION = YES_AGGRESSIVE;
				CLANG_CXX_LANGUAGE_STANDARD = "gnu++14";
				CLANG_CXX_LIBRARY = "libc++";
				CLANG_ENABLE_MODULES = YES;
				CLANG_ENABLE_OBJC_ARC = YES;
				CLANG_WARN_BLOCK_CAPTURE_AUTORELEASING = YES;
				CLANG_WARN_BOOL_CONVERSION = YES;
				CLANG_WARN_COMMA = YES;
				CLANG_WARN_CONSTANT_CONVERSION = YES;
				CLANG_WARN_DIRECT_OBJC_ISA_USAGE = YES_ERROR;
				CLANG_WARN_DOCUMENTATION_COMMENTS = YES;
				CLANG_WARN_EMPTY_BODY = YES;
				CLANG_WARN_ENUM_CONVERSION = YES;
				CLANG_WARN_INFINITE_RECURSION = YES;
				CLANG_WARN_INT_CONVERSION = YES;
				CLANG_WARN_NON_LITERAL_NULL_CONVERSION = YES;
				CLANG_WARN_OBJC_LITERAL_CONVERSION = YES;
				CLANG_WARN_OBJC_ROOT_CLASS = YES_ERROR;
				CLANG_WARN_RANGE_LOOP_ANALYSIS = YES;
				CLANG_WARN_STRICT_PROTOTYPES = YES;
				CLANG_WARN_SUSPICIOUS_MOVE = YES;
				CLANG_WARN_UNGUARDED_AVAILABILITY = YES_AGGRESSIVE;
				CLANG_WARN_UNREACHABLE_CODE = YES;
				CLANG_WARN__DUPLICATE_METHOD_MATCH = YES;
				CODE_SIGN_IDENTITY = "iPhone Developer";
				COPY_PHASE_STRIP = NO;
				DEBUG_INFORMATION_FORMAT = "dwarf-with-dsym";
				ENABLE_NS_ASSERTIONS = NO;
				ENABLE_STRICT_OBJC_MSGSEND = YES;
				GCC_C_LANGUAGE_STANDARD = gnu11;
				GCC_NO_COMMON_BLOCKS = YES;
				GCC_WARN_64_TO_32_BIT_CONVERSION = YES;
				GCC_WARN_ABOUT_RETURN_TYPE = YES_ERROR;
				GCC_WARN_UNDECLARED_SELECTOR = YES;
				GCC_WARN_UNINITIALIZED_AUTOS = YES_AGGRESSIVE;
				GCC_WARN_UNUSED_FUNCTION = YES;
				GCC_WARN_UNUSED_VARIABLE = YES;
				IPHONEOS_DEPLOYMENT_TARGET = 11.2;
				MTL_ENABLE_DEBUG_INFO = NO;
				SDKROOT = iphoneos;
				SWIFT_OPTIMIZATION_LEVEL = "-Owholemodule";
				VALIDATE_PRODUCT = YES;
			};
			name = Release;
		};
		461F65152064A7DB00E9A8D0 /* Debug */ = {
			isa = XCBuildConfiguration;
			buildSettings = {
				ASSETCATALOG_COMPILER_APPICON_NAME = AppIcon;
				CODE_SIGN_STYLE = Automatic;
				DEVELOPMENT_TEAM = B4H9U4LTML;
				INFOPLIST_FILE = "Amusement Park/Info.plist";
				LD_RUNPATH_SEARCH_PATHS = "$(inherited) @executable_path/Frameworks";
				PRODUCT_BUNDLE_IDENTIFIER = "idk.Amusement-Park";
				PRODUCT_NAME = "$(TARGET_NAME)";
				SWIFT_VERSION = 4.0;
				TARGETED_DEVICE_FAMILY = "1,2";
			};
			name = Debug;
		};
		461F65162064A7DB00E9A8D0 /* Release */ = {
			isa = XCBuildConfiguration;
			buildSettings = {
				ASSETCATALOG_COMPILER_APPICON_NAME = AppIcon;
				CODE_SIGN_STYLE = Automatic;
				DEVELOPMENT_TEAM = B4H9U4LTML;
				INFOPLIST_FILE = "Amusement Park/Info.plist";
				LD_RUNPATH_SEARCH_PATHS = "$(inherited) @executable_path/Frameworks";
				PRODUCT_BUNDLE_IDENTIFIER = "idk.Amusement-Park";
				PRODUCT_NAME = "$(TARGET_NAME)";
				SWIFT_VERSION = 4.0;
				TARGETED_DEVICE_FAMILY = "1,2";
			};
			name = Release;
		};
/* End XCBuildConfiguration section */

/* Begin XCConfigurationList section */
		461F64FD2064A7DB00E9A8D0 /* Build configuration list for PBXProject "Amusement Park" */ = {
			isa = XCConfigurationList;
			buildConfigurations = (
				461F65122064A7DB00E9A8D0 /* Debug */,
				461F65132064A7DB00E9A8D0 /* Release */,
			);
			defaultConfigurationIsVisible = 0;
			defaultConfigurationName = Release;
		};
		461F65142064A7DB00E9A8D0 /* Build configuration list for PBXNativeTarget "Amusement Park" */ = {
			isa = XCConfigurationList;
			buildConfigurations = (
				461F65152064A7DB00E9A8D0 /* Debug */,
				461F65162064A7DB00E9A8D0 /* Release */,
			);
			defaultConfigurationIsVisible = 0;
			defaultConfigurationName = Release;
		};
/* End XCConfigurationList section */
	};
	rootObject = 461F64FA2064A7DB00E9A8D0 /* Project object */;
}
